// !$*UTF8*$!
{
	archiveVersion = 1;
	classes = {
	};
	objectVersion = 46;
	objects = {

/* Begin PBXBuildFile section */
		024EA54119CCE69C0008CB71 /* UIKit.framework in Frameworks */ = {isa = PBXBuildFile; fileRef = 024EA54019CCE69C0008CB71 /* UIKit.framework */; };
		02BDEC6A19CBA039004BF8F6 /* index.png in Resources */ = {isa = PBXBuildFile; fileRef = 02BDEC6219CBA039004BF8F6 /* index.png */; };
		02BDEC6B19CBA039004BF8F6 /* index2.png in Resources */ = {isa = PBXBuildFile; fileRef = 02BDEC6319CBA039004BF8F6 /* index2.png */; };
		02BDEC6C19CBA039004BF8F6 /* Localizable.strings in Resources */ = {isa = PBXBuildFile; fileRef = 02BDEC6519CBA039004BF8F6 /* Localizable.strings */; };
		02BDEC6E19CBA1D8004BF8F6 /* AssetsLibrary.framework in Frameworks */ = {isa = PBXBuildFile; fileRef = 02BDEC6D19CBA1D8004BF8F6 /* AssetsLibrary.framework */; };
		02BDEC7019CBA23B004BF8F6 /* Security.framework in Frameworks */ = {isa = PBXBuildFile; fileRef = 02BDEC6F19CBA23B004BF8F6 /* Security.framework */; };
		02BDEC7219CBA249004BF8F6 /* QuartzCore.framework in Frameworks */ = {isa = PBXBuildFile; fileRef = 02BDEC7119CBA249004BF8F6 /* QuartzCore.framework */; };
		02BDEC7419CBA252004BF8F6 /* CFNetwork.framework in Frameworks */ = {isa = PBXBuildFile; fileRef = 02BDEC7319CBA251004BF8F6 /* CFNetwork.framework */; settings = {ATTRIBUTES = (Weak, ); }; };
		02D5B8BA19DA111300C838BC /* ImageLoaderViewController.m in Sources */ = {isa = PBXBuildFile; fileRef = 02D5B8B819DA111300C838BC /* ImageLoaderViewController.m */; };
		02D5B8F519DA21AB00C838BC /* ImageLoaderViewController.xib in Resources */ = {isa = PBXBuildFile; fileRef = 02D5B8F419DA21AB00C838BC /* ImageLoaderViewController.xib */; };
		02FA3AA719CB4FF700D531FD /* main.m in Sources */ = {isa = PBXBuildFile; fileRef = 02FA3AA619CB4FF700D531FD /* main.m */; };
		02FA3AAA19CB4FF700D531FD /* AppDelegate.m in Sources */ = {isa = PBXBuildFile; fileRef = 02FA3AA919CB4FF700D531FD /* AppDelegate.m */; };
		02FA3AB019CB4FF700D531FD /* ViewController.m in Sources */ = {isa = PBXBuildFile; fileRef = 02FA3AAF19CB4FF700D531FD /* ViewController.m */; };
		02FA3AB319CB4FF700D531FD /* Main.storyboard in Resources */ = {isa = PBXBuildFile; fileRef = 02FA3AB119CB4FF700D531FD /* Main.storyboard */; };
		02FA3AB519CB4FF700D531FD /* Images.xcassets in Resources */ = {isa = PBXBuildFile; fileRef = 02FA3AB419CB4FF700D531FD /* Images.xcassets */; };
		02FA3AB819CB4FF700D531FD /* LaunchScreen.xib in Resources */ = {isa = PBXBuildFile; fileRef = 02FA3AB619CB4FF700D531FD /* LaunchScreen.xib */; };
		02FA3AC419CB4FF700D531FD /* FBTestTests.m in Sources */ = {isa = PBXBuildFile; fileRef = 02FA3AC319CB4FF700D531FD /* FBTestTests.m */; };
		375C081C19DBBB370020925D /* FacebookSDK.framework in Frameworks */ = {isa = PBXBuildFile; fileRef = 02BDEC7619CBA2CD004BF8F6 /* FacebookSDK.framework */; };
/* End PBXBuildFile section */

/* Begin PBXContainerItemProxy section */
		02FA3ABE19CB4FF700D531FD /* PBXContainerItemProxy */ = {
			isa = PBXContainerItemProxy;
			containerPortal = 02FA3A9919CB4FF700D531FD /* Project object */;
			proxyType = 1;
			remoteGlobalIDString = 02FA3AA019CB4FF700D531FD;
			remoteInfo = FBTest;
		};
/* End PBXContainerItemProxy section */

/* Begin PBXFileReference section */
		024EA54019CCE69C0008CB71 /* UIKit.framework */ = {isa = PBXFileReference; lastKnownFileType = wrapper.framework; name = UIKit.framework; path = System/Library/Frameworks/UIKit.framework; sourceTree = SDKROOT; };
		02BDEC6219CBA039004BF8F6 /* index.png */ = {isa = PBXFileReference; lastKnownFileType = image.png; path = index.png; sourceTree = "<group>"; };
		02BDEC6319CBA039004BF8F6 /* index2.png */ = {isa = PBXFileReference; lastKnownFileType = image.png; path = index2.png; sourceTree = "<group>"; };
		02BDEC6619CBA039004BF8F6 /* en */ = {isa = PBXFileReference; lastKnownFileType = text.plist.strings; name = en; path = en.lproj/Localizable.strings; sourceTree = "<group>"; };
		02BDEC6719CBA039004BF8F6 /* fr */ = {isa = PBXFileReference; lastKnownFileType = text.plist.strings; name = fr; path = fr.lproj/Localizable.strings; sourceTree = "<group>"; };
		02BDEC6819CBA039004BF8F6 /* zh_CN */ = {isa = PBXFileReference; lastKnownFileType = text.plist.strings; name = zh_CN; path = zh_CN.lproj/Localizable.strings; sourceTree = "<group>"; };
		02BDEC6D19CBA1D8004BF8F6 /* AssetsLibrary.framework */ = {isa = PBXFileReference; lastKnownFileType = wrapper.framework; name = AssetsLibrary.framework; path = System/Library/Frameworks/AssetsLibrary.framework; sourceTree = SDKROOT; };
		02BDEC6F19CBA23B004BF8F6 /* Security.framework */ = {isa = PBXFileReference; lastKnownFileType = wrapper.framework; name = Security.framework; path = System/Library/Frameworks/Security.framework; sourceTree = SDKROOT; };
		02BDEC7119CBA249004BF8F6 /* QuartzCore.framework */ = {isa = PBXFileReference; lastKnownFileType = wrapper.framework; name = QuartzCore.framework; path = System/Library/Frameworks/QuartzCore.framework; sourceTree = SDKROOT; };
		02BDEC7319CBA251004BF8F6 /* CFNetwork.framework */ = {isa = PBXFileReference; lastKnownFileType = wrapper.framework; name = CFNetwork.framework; path = System/Library/Frameworks/CFNetwork.framework; sourceTree = SDKROOT; };
		02BDEC7619CBA2CD004BF8F6 /* FacebookSDK.framework */ = {isa = PBXFileReference; lastKnownFileType = wrapper.framework; name = FacebookSDK.framework; path = ../../Documents/FacebookSDK/FacebookSDK.framework; sourceTree = "<group>"; };
		02D5B8B719DA111300C838BC /* ImageLoaderViewController.h */ = {isa = PBXFileReference; fileEncoding = 4; lastKnownFileType = sourcecode.c.h; path = ImageLoaderViewController.h; sourceTree = "<group>"; };
		02D5B8B819DA111300C838BC /* ImageLoaderViewController.m */ = {isa = PBXFileReference; fileEncoding = 4; lastKnownFileType = sourcecode.c.objc; path = ImageLoaderViewController.m; sourceTree = "<group>"; };
		02D5B8F419DA21AB00C838BC /* ImageLoaderViewController.xib */ = {isa = PBXFileReference; fileEncoding = 4; lastKnownFileType = file.xib; path = ImageLoaderViewController.xib; sourceTree = "<group>"; };
		02FA3AA119CB4FF700D531FD /* FBTest.app */ = {isa = PBXFileReference; explicitFileType = wrapper.application; includeInIndex = 0; path = FBTest.app; sourceTree = BUILT_PRODUCTS_DIR; };
		02FA3AA519CB4FF700D531FD /* Info.plist */ = {isa = PBXFileReference; lastKnownFileType = text.plist.xml; path = Info.plist; sourceTree = "<group>"; };
		02FA3AA619CB4FF700D531FD /* main.m */ = {isa = PBXFileReference; lastKnownFileType = sourcecode.c.objc; path = main.m; sourceTree = "<group>"; };
		02FA3AA819CB4FF700D531FD /* AppDelegate.h */ = {isa = PBXFileReference; lastKnownFileType = sourcecode.c.h; path = AppDelegate.h; sourceTree = "<group>"; };
		02FA3AA919CB4FF700D531FD /* AppDelegate.m */ = {isa = PBXFileReference; lastKnownFileType = sourcecode.c.objc; path = AppDelegate.m; sourceTree = "<group>"; };
		02FA3AAE19CB4FF700D531FD /* ViewController.h */ = {isa = PBXFileReference; lastKnownFileType = sourcecode.c.h; path = ViewController.h; sourceTree = "<group>"; };
		02FA3AAF19CB4FF700D531FD /* ViewController.m */ = {isa = PBXFileReference; lastKnownFileType = sourcecode.c.objc; path = ViewController.m; sourceTree = "<group>"; };
		02FA3AB219CB4FF700D531FD /* Base */ = {isa = PBXFileReference; lastKnownFileType = file.storyboard; name = Base; path = Base.lproj/Main.storyboard; sourceTree = "<group>"; };
		02FA3AB419CB4FF700D531FD /* Images.xcassets */ = {isa = PBXFileReference; lastKnownFileType = folder.assetcatalog; path = Images.xcassets; sourceTree = "<group>"; };
		02FA3AB719CB4FF700D531FD /* Base */ = {isa = PBXFileReference; lastKnownFileType = file.xib; name = Base; path = Base.lproj/LaunchScreen.xib; sourceTree = "<group>"; };
		02FA3ABD19CB4FF700D531FD /* FBTestTests.xctest */ = {isa = PBXFileReference; explicitFileType = wrapper.cfbundle; includeInIndex = 0; path = FBTestTests.xctest; sourceTree = BUILT_PRODUCTS_DIR; };
		02FA3AC219CB4FF700D531FD /* Info.plist */ = {isa = PBXFileReference; lastKnownFileType = text.plist.xml; path = Info.plist; sourceTree = "<group>"; };
		02FA3AC319CB4FF700D531FD /* FBTestTests.m */ = {isa = PBXFileReference; lastKnownFileType = sourcecode.c.objc; path = FBTestTests.m; sourceTree = "<group>"; };
/* End PBXFileReference section */

/* Begin PBXFrameworksBuildPhase section */
		02FA3A9E19CB4FF700D531FD /* Frameworks */ = {
			isa = PBXFrameworksBuildPhase;
			buildActionMask = 2147483647;
			files = (
				375C081C19DBBB370020925D /* FacebookSDK.framework in Frameworks */,
				024EA54119CCE69C0008CB71 /* UIKit.framework in Frameworks */,
				02BDEC7419CBA252004BF8F6 /* CFNetwork.framework in Frameworks */,
				02BDEC7219CBA249004BF8F6 /* QuartzCore.framework in Frameworks */,
				02BDEC7019CBA23B004BF8F6 /* Security.framework in Frameworks */,
				02BDEC6E19CBA1D8004BF8F6 /* AssetsLibrary.framework in Frameworks */,
			);
			runOnlyForDeploymentPostprocessing = 0;
		};
		02FA3ABA19CB4FF700D531FD /* Frameworks */ = {
			isa = PBXFrameworksBuildPhase;
			buildActionMask = 2147483647;
			files = (
			);
			runOnlyForDeploymentPostprocessing = 0;
		};
/* End PBXFrameworksBuildPhase section */

/* Begin PBXGroup section */
		02BDEC6019CBA039004BF8F6 /* Resources */ = {
			isa = PBXGroup;
			children = (
				02BDEC6119CBA039004BF8F6 /* Images */,
				02BDEC6419CBA039004BF8F6 /* Localization */,
				02BDEC6919CBA039004BF8F6 /* XIBS */,
			);
			path = Resources;
			sourceTree = "<group>";
		};
		02BDEC6119CBA039004BF8F6 /* Images */ = {
			isa = PBXGroup;
			children = (
				02BDEC6219CBA039004BF8F6 /* index.png */,
				02BDEC6319CBA039004BF8F6 /* index2.png */,
			);
			path = Images;
			sourceTree = "<group>";
		};
		02BDEC6419CBA039004BF8F6 /* Localization */ = {
			isa = PBXGroup;
			children = (
				02BDEC6519CBA039004BF8F6 /* Localizable.strings */,
			);
			path = Localization;
			sourceTree = "<group>";
		};
		02BDEC6919CBA039004BF8F6 /* XIBS */ = {
			isa = PBXGroup;
			children = (
				02D5B8F419DA21AB00C838BC /* ImageLoaderViewController.xib */,
				02FA3AB619CB4FF700D531FD /* LaunchScreen.xib */,
				02FA3AB119CB4FF700D531FD /* Main.storyboard */,
			);
			path = XIBS;
			sourceTree = "<group>";
		};
		02BDEC7519CBA25C004BF8F6 /* Frameworks */ = {
			isa = PBXGroup;
			children = (
				024EA54019CCE69C0008CB71 /* UIKit.framework */,
				02BDEC6D19CBA1D8004BF8F6 /* AssetsLibrary.framework */,
				02BDEC7319CBA251004BF8F6 /* CFNetwork.framework */,
				02BDEC7619CBA2CD004BF8F6 /* FacebookSDK.framework */,
				02BDEC7119CBA249004BF8F6 /* QuartzCore.framework */,
				02BDEC6F19CBA23B004BF8F6 /* Security.framework */,
			);
			name = Frameworks;
			sourceTree = "<group>";
		};
		02FA3A9819CB4FF700D531FD = {
			isa = PBXGroup;
			children = (
				02FA3AA319CB4FF700D531FD /* FBTest */,
				02BDEC6019CBA039004BF8F6 /* Resources */,
				02BDEC7519CBA25C004BF8F6 /* Frameworks */,
				02FA3AC019CB4FF700D531FD /* FBTestTests */,
				02FA3AA219CB4FF700D531FD /* Products */,
			);
			sourceTree = "<group>";
		};
		02FA3AA219CB4FF700D531FD /* Products */ = {
			isa = PBXGroup;
			children = (
				02FA3AA119CB4FF700D531FD /* FBTest.app */,
				02FA3ABD19CB4FF700D531FD /* FBTestTests.xctest */,
			);
			name = Products;
			sourceTree = "<group>";
		};
		02FA3AA319CB4FF700D531FD /* FBTest */ = {
			isa = PBXGroup;
			children = (
				02FA3AA819CB4FF700D531FD /* AppDelegate.h */,
				02FA3AA919CB4FF700D531FD /* AppDelegate.m */,
				02FA3AAE19CB4FF700D531FD /* ViewController.h */,
				02FA3AAF19CB4FF700D531FD /* ViewController.m */,
				02D5B8B719DA111300C838BC /* ImageLoaderViewController.h */,
				02D5B8B819DA111300C838BC /* ImageLoaderViewController.m */,
				02FA3AB419CB4FF700D531FD /* Images.xcassets */,
				02FA3AA419CB4FF700D531FD /* Supporting Files */,
			);
			path = FBTest;
			sourceTree = "<group>";
		};
		02FA3AA419CB4FF700D531FD /* Supporting Files */ = {
			isa = PBXGroup;
			children = (
				02FA3AA519CB4FF700D531FD /* Info.plist */,
				02FA3AA619CB4FF700D531FD /* main.m */,
			);
			name = "Supporting Files";
			sourceTree = "<group>";
		};
		02FA3AC019CB4FF700D531FD /* FBTestTests */ = {
			isa = PBXGroup;
			children = (
				02FA3AC319CB4FF700D531FD /* FBTestTests.m */,
				02FA3AC119CB4FF700D531FD /* Supporting Files */,
			);
			path = FBTestTests;
			sourceTree = "<group>";
		};
		02FA3AC119CB4FF700D531FD /* Supporting Files */ = {
			isa = PBXGroup;
			children = (
				02FA3AC219CB4FF700D531FD /* Info.plist */,
			);
			name = "Supporting Files";
			sourceTree = "<group>";
		};
/* End PBXGroup section */

/* Begin PBXNativeTarget section */
		02FA3AA019CB4FF700D531FD /* FBTest */ = {
			isa = PBXNativeTarget;
			buildConfigurationList = 02FA3AC719CB4FF700D531FD /* Build configuration list for PBXNativeTarget "FBTest" */;
			buildPhases = (
				02FA3A9D19CB4FF700D531FD /* Sources */,
				02FA3A9E19CB4FF700D531FD /* Frameworks */,
				02FA3A9F19CB4FF700D531FD /* Resources */,
			);
			buildRules = (
			);
			dependencies = (
			);
			name = FBTest;
			productName = FBTest;
			productReference = 02FA3AA119CB4FF700D531FD /* FBTest.app */;
			productType = "com.apple.product-type.application";
		};
		02FA3ABC19CB4FF700D531FD /* FBTestTests */ = {
			isa = PBXNativeTarget;
			buildConfigurationList = 02FA3ACA19CB4FF700D531FD /* Build configuration list for PBXNativeTarget "FBTestTests" */;
			buildPhases = (
				02FA3AB919CB4FF700D531FD /* Sources */,
				02FA3ABA19CB4FF700D531FD /* Frameworks */,
				02FA3ABB19CB4FF700D531FD /* Resources */,
			);
			buildRules = (
			);
			dependencies = (
				02FA3ABF19CB4FF700D531FD /* PBXTargetDependency */,
			);
			name = FBTestTests;
			productName = FBTestTests;
			productReference = 02FA3ABD19CB4FF700D531FD /* FBTestTests.xctest */;
			productType = "com.apple.product-type.bundle.unit-test";
		};
/* End PBXNativeTarget section */

/* Begin PBXProject section */
		02FA3A9919CB4FF700D531FD /* Project object */ = {
			isa = PBXProject;
			attributes = {
				LastUpgradeCheck = 0600;
				ORGANIZATIONNAME = "Xintong Bi";
				TargetAttributes = {
					02FA3AA019CB4FF700D531FD = {
						CreatedOnToolsVersion = 6.0;
					};
					02FA3ABC19CB4FF700D531FD = {
						CreatedOnToolsVersion = 6.0;
						TestTargetID = 02FA3AA019CB4FF700D531FD;
					};
				};
			};
			buildConfigurationList = 02FA3A9C19CB4FF700D531FD /* Build configuration list for PBXProject "FBTest" */;
			compatibilityVersion = "Xcode 3.2";
			developmentRegion = English;
			hasScannedForEncodings = 0;
			knownRegions = (
				en,
				Base,
				he,
				fr,
				zh_CN,
			);
			mainGroup = 02FA3A9819CB4FF700D531FD;
			productRefGroup = 02FA3AA219CB4FF700D531FD /* Products */;
			projectDirPath = "";
			projectRoot = "";
			targets = (
				02FA3AA019CB4FF700D531FD /* FBTest */,
				02FA3ABC19CB4FF700D531FD /* FBTestTests */,
			);
		};
/* End PBXProject section */

/* Begin PBXResourcesBuildPhase section */
		02FA3A9F19CB4FF700D531FD /* Resources */ = {
			isa = PBXResourcesBuildPhase;
			buildActionMask = 2147483647;
			files = (
				02BDEC6B19CBA039004BF8F6 /* index2.png in Resources */,
				02BDEC6C19CBA039004BF8F6 /* Localizable.strings in Resources */,
				02BDEC6A19CBA039004BF8F6 /* index.png in Resources */,
				02FA3AB319CB4FF700D531FD /* Main.storyboard in Resources */,
				02FA3AB819CB4FF700D531FD /* LaunchScreen.xib in Resources */,
				02FA3AB519CB4FF700D531FD /* Images.xcassets in Resources */,
				02D5B8F519DA21AB00C838BC /* ImageLoaderViewController.xib in Resources */,
			);
			runOnlyForDeploymentPostprocessing = 0;
		};
		02FA3ABB19CB4FF700D531FD /* Resources */ = {
			isa = PBXResourcesBuildPhase;
			buildActionMask = 2147483647;
			files = (
			);
			runOnlyForDeploymentPostprocessing = 0;
		};
/* End PBXResourcesBuildPhase section */

/* Begin PBXSourcesBuildPhase section */
		02FA3A9D19CB4FF700D531FD /* Sources */ = {
			isa = PBXSourcesBuildPhase;
			buildActionMask = 2147483647;
			files = (
				02FA3AAA19CB4FF700D531FD /* AppDelegate.m in Sources */,
				02FA3AB019CB4FF700D531FD /* ViewController.m in Sources */,
				02D5B8BA19DA111300C838BC /* ImageLoaderViewController.m in Sources */,
				02FA3AA719CB4FF700D531FD /* main.m in Sources */,
			);
			runOnlyForDeploymentPostprocessing = 0;
		};
		02FA3AB919CB4FF700D531FD /* Sources */ = {
			isa = PBXSourcesBuildPhase;
			buildActionMask = 2147483647;
			files = (
				02FA3AC419CB4FF700D531FD /* FBTestTests.m in Sources */,
			);
			runOnlyForDeploymentPostprocessing = 0;
		};
/* End PBXSourcesBuildPhase section */

/* Begin PBXTargetDependency section */
		02FA3ABF19CB4FF700D531FD /* PBXTargetDependency */ = {
			isa = PBXTargetDependency;
			target = 02FA3AA019CB4FF700D531FD /* FBTest */;
			targetProxy = 02FA3ABE19CB4FF700D531FD /* PBXContainerItemProxy */;
		};
/* End PBXTargetDependency section */

/* Begin PBXVariantGroup section */
		02BDEC6519CBA039004BF8F6 /* Localizable.strings */ = {
			isa = PBXVariantGroup;
			children = (
				02BDEC6619CBA039004BF8F6 /* en */,
				02BDEC6719CBA039004BF8F6 /* fr */,
				02BDEC6819CBA039004BF8F6 /* zh_CN */,
			);
			name = Localizable.strings;
			sourceTree = "<group>";
		};
		02FA3AB119CB4FF700D531FD /* Main.storyboard */ = {
			isa = PBXVariantGroup;
			children = (
				02FA3AB219CB4FF700D531FD /* Base */,
			);
			name = Main.storyboard;
			path = ../../FBTest;
			sourceTree = "<group>";
		};
		02FA3AB619CB4FF700D531FD /* LaunchScreen.xib */ = {
			isa = PBXVariantGroup;
			children = (
				02FA3AB719CB4FF700D531FD /* Base */,
			);
			name = LaunchScreen.xib;
			path = ../../FBTest;
			sourceTree = "<group>";
		};
/* End PBXVariantGroup section */

/* Begin XCBuildConfiguration section */
		02FA3AC519CB4FF700D531FD /* Debug */ = {
			isa = XCBuildConfiguration;
			buildSettings = {
				ALWAYS_SEARCH_USER_PATHS = NO;
				CLANG_CXX_LANGUAGE_STANDARD = "gnu++0x";
				CLANG_CXX_LIBRARY = "libc++";
				CLANG_ENABLE_MODULES = YES;
				CLANG_ENABLE_OBJC_ARC = YES;
				CLANG_WARN_BOOL_CONVERSION = YES;
				CLANG_WARN_CONSTANT_CONVERSION = YES;
				CLANG_WARN_DIRECT_OBJC_ISA_USAGE = YES_ERROR;
				CLANG_WARN_EMPTY_BODY = YES;
				CLANG_WARN_ENUM_CONVERSION = YES;
				CLANG_WARN_INT_CONVERSION = YES;
				CLANG_WARN_OBJC_ROOT_CLASS = YES_ERROR;
				CLANG_WARN_UNREACHABLE_CODE = YES;
				CLANG_WARN__DUPLICATE_METHOD_MATCH = YES;
				"CODE_SIGN_IDENTITY[sdk=iphoneos*]" = "iPhone Developer";
				COPY_PHASE_STRIP = NO;
				ENABLE_STRICT_OBJC_MSGSEND = YES;
				GCC_C_LANGUAGE_STANDARD = gnu99;
				GCC_DYNAMIC_NO_PIC = NO;
				GCC_OPTIMIZATION_LEVEL = 0;
				GCC_PREPROCESSOR_DEFINITIONS = (
					"DEBUG=1",
					"$(inherited)",
				);
				GCC_SYMBOLS_PRIVATE_EXTERN = NO;
				GCC_WARN_64_TO_32_BIT_CONVERSION = YES;
				GCC_WARN_ABOUT_RETURN_TYPE = YES_ERROR;
				GCC_WARN_UNDECLARED_SELECTOR = YES;
				GCC_WARN_UNINITIALIZED_AUTOS = YES_AGGRESSIVE;
				GCC_WARN_UNUSED_FUNCTION = YES;
				GCC_WARN_UNUSED_VARIABLE = YES;
				IPHONEOS_DEPLOYMENT_TARGET = 8.0;
				MTL_ENABLE_DEBUG_INFO = YES;
				ONLY_ACTIVE_ARCH = YES;
				SDKROOT = iphoneos;
				TARGETED_DEVICE_FAMILY = "1,2";
			};
			name = Debug;
		};
		02FA3AC619CB4FF700D531FD /* Release */ = {
			isa = XCBuildConfiguration;
			buildSettings = {
				ALWAYS_SEARCH_USER_PATHS = NO;
				CLANG_CXX_LANGUAGE_STANDARD = "gnu++0x";
				CLANG_CXX_LIBRARY = "libc++";
				CLANG_ENABLE_MODULES = YES;
				CLANG_ENABLE_OBJC_ARC = YES;
				CLANG_WARN_BOOL_CONVERSION = YES;
				CLANG_WARN_CONSTANT_CONVERSION = YES;
				CLANG_WARN_DIRECT_OBJC_ISA_USAGE = YES_ERROR;
				CLANG_WARN_EMPTY_BODY = YES;
				CLANG_WARN_ENUM_CONVERSION = YES;
				CLANG_WARN_INT_CONVERSION = YES;
				CLANG_WARN_OBJC_ROOT_CLASS = YES_ERROR;
				CLANG_WARN_UNREACHABLE_CODE = YES;
				CLANG_WARN__DUPLICATE_METHOD_MATCH = YES;
				"CODE_SIGN_IDENTITY[sdk=iphoneos*]" = "iPhone Developer";
				COPY_PHASE_STRIP = YES;
				ENABLE_NS_ASSERTIONS = NO;
				ENABLE_STRICT_OBJC_MSGSEND = YES;
				GCC_C_LANGUAGE_STANDARD = gnu99;
				GCC_WARN_64_TO_32_BIT_CONVERSION = YES;
				GCC_WARN_ABOUT_RETURN_TYPE = YES_ERROR;
				GCC_WARN_UNDECLARED_SELECTOR = YES;
				GCC_WARN_UNINITIALIZED_AUTOS = YES_AGGRESSIVE;
				GCC_WARN_UNUSED_FUNCTION = YES;
				GCC_WARN_UNUSED_VARIABLE = YES;
				IPHONEOS_DEPLOYMENT_TARGET = 8.0;
				MTL_ENABLE_DEBUG_INFO = NO;
				SDKROOT = iphoneos;
				TARGETED_DEVICE_FAMILY = "1,2";
				VALIDATE_PRODUCT = YES;
			};
			name = Release;
		};
		02FA3AC819CB4FF700D531FD /* Debug */ = {
			isa = XCBuildConfiguration;
			buildSettings = {
				ASSETCATALOG_COMPILER_APPICON_NAME = AppIcon;
				FRAMEWORK_SEARCH_PATHS = (
					"$(inherited)",
					/Users/cbi/Documents/FacebookSDK,
					/Users/cbi/Documents/FacebookSDK/FBAudienceNetwork,
					/Users/cindy/Documents/FacebookSDK,
				);
				INFOPLIST_FILE = FBTest/Info.plist;
				LD_RUNPATH_SEARCH_PATHS = "$(inherited) @executable_path/Frameworks";
				PRODUCT_NAME = "$(TARGET_NAME)";
			};
			name = Debug;
		};
		02FA3AC919CB4FF700D531FD /* Release */ = {
			isa = XCBuildConfiguration;
			buildSettings = {
				ASSETCATALOG_COMPILER_APPICON_NAME = AppIcon;
				FRAMEWORK_SEARCH_PATHS = (
					"$(inherited)",
					/Users/cbi/Documents/FacebookSDK,
					/Users/cbi/Documents/FacebookSDK/FBAudienceNetwork,
					/Users/cindy/Documents/FacebookSDK,
				);
				INFOPLIST_FILE = FBTest/Info.plist;
				LD_RUNPATH_SEARCH_PATHS = "$(inherited) @executable_path/Frameworks";
				PRODUCT_NAME = "$(TARGET_NAME)";
			};
			name = Release;
		};
		02FA3ACB19CB4FF700D531FD /* Debug */ = {
			isa = XCBuildConfiguration;
			buildSettings = {
				BUNDLE_LOADER = "$(TEST_HOST)";
				FRAMEWORK_SEARCH_PATHS = (
					"$(SDKROOT)/Developer/Library/Frameworks",
					"$(inherited)",
					/Users/cbi/Documents/FacebookSDK,
					/Users/cbi/Documents/FacebookSDK/FBAudienceNetwork,
				);
				GCC_PREPROCESSOR_DEFINITIONS = (
					"DEBUG=1",
					"$(inherited)",
				);
				INFOPLIST_FILE = FBTestTests/Info.plist;
				LD_RUNPATH_SEARCH_PATHS = "$(inherited) @executable_path/Frameworks @loader_path/Frameworks";
				PRODUCT_NAME = "$(TARGET_NAME)";
				TEST_HOST = "$(BUILT_PRODUCTS_DIR)/FBTest.app/FBTest";
			};
			name = Debug;
		};
		02FA3ACC19CB4FF700D531FD /* Release */ = {
			isa = XCBuildConfiguration;
			buildSettings = {
				BUNDLE_LOADER = "$(TEST_HOST)";
				FRAMEWORK_SEARCH_PATHS = (
					"$(SDKROOT)/Developer/Library/Frameworks",
					"$(inherited)",
					/Users/cbi/Documents/FacebookSDK,
					/Users/cbi/Documents/FacebookSDK/FBAudienceNetwork,
				);
				INFOPLIST_FILE = FBTestTests/Info.plist;
				LD_RUNPATH_SEARCH_PATHS = "$(inherited) @executable_path/Frameworks @loader_path/Frameworks";
				PRODUCT_NAME = "$(TARGET_NAME)";
				TEST_HOST = "$(BUILT_PRODUCTS_DIR)/FBTest.app/FBTest";
			};
			name = Release;
		};
/* End XCBuildConfiguration section */

/* Begin XCConfigurationList section */
		02FA3A9C19CB4FF700D531FD /* Build configuration list for PBXProject "FBTest" */ = {
			isa = XCConfigurationList;
			buildConfigurations = (
				02FA3AC519CB4FF700D531FD /* Debug */,
				02FA3AC619CB4FF700D531FD /* Release */,
			);
			defaultConfigurationIsVisible = 0;
			defaultConfigurationName = Release;
		};
		02FA3AC719CB4FF700D531FD /* Build configuration list for PBXNativeTarget "FBTest" */ = {
			isa = XCConfigurationList;
			buildConfigurations = (
				02FA3AC819CB4FF700D531FD /* Debug */,
				02FA3AC919CB4FF700D531FD /* Release */,
			);
			defaultConfigurationIsVisible = 0;
			defaultConfigurationName = Release;
		};
		02FA3ACA19CB4FF700D531FD /* Build configuration list for PBXNativeTarget "FBTestTests" */ = {
			isa = XCConfigurationList;
			buildConfigurations = (
				02FA3ACB19CB4FF700D531FD /* Debug */,
				02FA3ACC19CB4FF700D531FD /* Release */,
			);
			defaultConfigurationIsVisible = 0;
			defaultConfigurationName = Release;
		};
/* End XCConfigurationList section */
	};
	rootObject = 02FA3A9919CB4FF700D531FD /* Project object */;
}
